// !$*UTF8*$!
{
	archiveVersion = 1;
	classes = {
	};
	objectVersion = 54;
	objects = {

/* Begin PBXBuildFile section */
		B10000000000000000000001 /* AppDelegate.swift in Sources */ = {isa = PBXBuildFile; fileRef = A10000000000000000000001 /* AppDelegate.swift */; };
		B10000000000000000000002 /* NativeVideoHostService.swift in Sources */ = {isa = PBXBuildFile; fileRef = A10000000000000000000010 /* NativeVideoHostService.swift */; };
		B10000000000000000000003 /* NativeSpeechHostService.swift in Sources */ = {isa = PBXBuildFile; fileRef = A10000000000000000000011 /* NativeSpeechHostService.swift */; };
		B10000000000000000000004 /* RCTNativeVideoHost.mm in Sources */ = {isa = PBXBuildFile; fileRef = A10000000000000000000012 /* RCTNativeVideoHost.mm */; };
		B10000000000000000000005 /* RCTNativeSpeechHost.mm in Sources */ = {isa = PBXBuildFile; fileRef = A10000000000000000000013 /* RCTNativeSpeechHost.mm */; };
		B10000000000000000000006 /* PrivacyInfo.xcprivacy in Resources */ = {isa = PBXBuildFile; fileRef = A10000000000000000000003 /* PrivacyInfo.xcprivacy */; };
/* End PBXBuildFile section */

/* Begin PBXFileReference section */
		13B07F961A680F5B00A75B9A /* VideoAgentMobile.app */ = {isa = PBXFileReference; explicitFileType = wrapper.application; includeInIndex = 0; path = VideoAgentMobile.app; sourceTree = BUILT_PRODUCTS_DIR; };
		A10000000000000000000001 /* AppDelegate.swift */ = {isa = PBXFileReference; lastKnownFileType = sourcecode.swift; path = AppDelegate.swift; sourceTree = "<group>"; };
		A10000000000000000000002 /* Info.plist */ = {isa = PBXFileReference; lastKnownFileType = text.plist.xml; path = Info.plist; sourceTree = "<group>"; };
		A10000000000000000000003 /* PrivacyInfo.xcprivacy */ = {isa = PBXFileReference; lastKnownFileType = text.plist.xml; path = PrivacyInfo.xcprivacy; sourceTree = "<group>"; };
		A10000000000000000000010 /* NativeVideoHostService.swift */ = {isa = PBXFileReference; lastKnownFileType = sourcecode.swift; path = NativeVideoHostService.swift; sourceTree = "<group>"; };
		A10000000000000000000011 /* NativeSpeechHostService.swift */ = {isa = PBXFileReference; lastKnownFileType = sourcecode.swift; path = NativeSpeechHostService.swift; sourceTree = "<group>"; };
		A10000000000000000000012 /* RCTNativeVideoHost.mm */ = {isa = PBXFileReference; lastKnownFileType = sourcecode.cpp.objcpp; path = RCTNativeVideoHost.mm; sourceTree = "<group>"; };
		A10000000000000000000013 /* RCTNativeSpeechHost.mm */ = {isa = PBXFileReference; lastKnownFileType = sourcecode.cpp.objcpp; path = RCTNativeSpeechHost.mm; sourceTree = "<group>"; };
		A10000000000000000000014 /* RCTNativeVideoHost.h */ = {isa = PBXFileReference; lastKnownFileType = sourcecode.c.h; path = RCTNativeVideoHost.h; sourceTree = "<group>"; };
		A10000000000000000000015 /* RCTNativeSpeechHost.h */ = {isa = PBXFileReference; lastKnownFileType = sourcecode.c.h; path = RCTNativeSpeechHost.h; sourceTree = "<group>"; };
		A10000000000000000000016 /* NativeVideoHost-Bridging-Header.h */ = {isa = PBXFileReference; lastKnownFileType = sourcecode.c.h; path = "NativeVideoHost-Bridging-Header.h"; sourceTree = "<group>"; };
/* End PBXFileReference section */

/* Begin PBXFrameworksBuildPhase section */
		13B07F8C1A680F5B00A75B9A /* Frameworks */ = {
			isa = PBXFrameworksBuildPhase;
			buildActionMask = 2147483647;
			files = (
			);
			runOnlyForDeploymentPostprocessing = 0;
		};
/* End PBXFrameworksBuildPhase section */

/* Begin PBXGroup section */
		A00000000000000000000001 /* VideoAgentMobile */ = {
			isa = PBXGroup;
			children = (
				A10000000000000000000001 /* AppDelegate.swift */,
				A10000000000000000000002 /* Info.plist */,
				A10000000000000000000003 /* PrivacyInfo.xcprivacy */,
			);
			path = VideoAgentMobile;
			sourceTree = "<group>";
		};
		A00000000000000000000002 /* NativeVideoHost */ = {
			isa = PBXGroup;
			children = (
				A10000000000000000000010 /* NativeVideoHostService.swift */,
				A10000000000000000000011 /* NativeSpeechHostService.swift */,
				A10000000000000000000012 /* RCTNativeVideoHost.mm */,
				A10000000000000000000013 /* RCTNativeSpeechHost.mm */,
				A10000000000000000000014 /* RCTNativeVideoHost.h */,
				A10000000000000000000015 /* RCTNativeSpeechHost.h */,
				A10000000000000000000016 /* NativeVideoHost-Bridging-Header.h */,
			);
			path = NativeVideoHost;
			sourceTree = "<group>";
		};
		83CBB9F61A601CBA00E9B192 = {
			isa = PBXGroup;
			children = (
				A00000000000000000000001 /* VideoAgentMobile */,
				A00000000000000000000002 /* NativeVideoHost */,
				83CBBA001A601CBA00E9B192 /* Products */,
			);
			sourceTree = "<group>";
		};
		83CBBA001A601CBA00E9B192 /* Products */ = {
			isa = PBXGroup;
			children = (
				13B07F961A680F5B00A75B9A /* VideoAgentMobile.app */,
			);
			name = Products;
			sourceTree = "<group>";
		};
/* End PBXGroup section */

/* Begin PBXNativeTarget section */
		13B07F861A680F5B00A75B9A /* VideoAgentMobile */ = {
			isa = PBXNativeTarget;
			buildConfigurationList = 13B07F931A680F5B00A75B9A /* Build configuration list for PBXNativeTarget "VideoAgentMobile" */;
			buildPhases = (
				13B07F871A680F5B00A75B9A /* Sources */,
				13B07F8C1A680F5B00A75B9A /* Frameworks */,
				13B07F8E1A680F5B00A75B9A /* Resources */,
			);
			buildRules = (
			);
			dependencies = (
			);
			name = VideoAgentMobile;
			productName = VideoAgentMobile;
			productReference = 13B07F961A680F5B00A75B9A /* VideoAgentMobile.app */;
			productType = "com.apple.product-type.application";
		};
/* End PBXNativeTarget section */

/* Begin PBXProject section */
		83CBB9F71A601CBA00E9B192 /* Project object */ = {
			isa = PBXProject;
			attributes = {
				LastSwiftUpdateCheck = 1600;
				LastUpgradeCheck = 1600;
				TargetAttributes = {
					13B07F861A680F5B00A75B9A = {
						CreatedOnToolsVersion = 16.0;
					};
				};
			};
			buildConfigurationList = 83CBB9FA1A601CBA00E9B192 /* Build configuration list for PBXProject "VideoAgentMobile" */;
			compatibilityVersion = "Xcode 12.0";
			developmentRegion = en;
			hasScannedForEncodings = 0;
			knownRegions = (
				en,
				Base,
			);
			mainGroup = 83CBB9F61A601CBA00E9B192;
			productRefGroup = 83CBBA001A601CBA00E9B192 /* Products */;
			projectDirPath = "";
			projectRoot = "";
			targets = (
				13B07F861A680F5B00A75B9A /* VideoAgentMobile */,
			);
		};
/* End PBXProject section */

/* Begin PBXResourcesBuildPhase section */
		13B07F8E1A680F5B00A75B9A /* Resources */ = {
			isa = PBXResourcesBuildPhase;
			buildActionMask = 2147483647;
			files = (
				B10000000000000000000006 /* PrivacyInfo.xcprivacy in Resources */,
			);
			runOnlyForDeploymentPostprocessing = 0;
		};
/* End PBXResourcesBuildPhase section */

/* Begin PBXSourcesBuildPhase section */
		13B07F871A680F5B00A75B9A /* Sources */ = {
			isa = PBXSourcesBuildPhase;
			buildActionMask = 2147483647;
			files = (
				B10000000000000000000001 /* AppDelegate.swift in Sources */,
				B10000000000000000000002 /* NativeVideoHostService.swift in Sources */,
				B10000000000000000000003 /* NativeSpeechHostService.swift in Sources */,
				B10000000000000000000004 /* RCTNativeVideoHost.mm in Sources */,
				B10000000000000000000005 /* RCTNativeSpeechHost.mm in Sources */,
			);
			runOnlyForDeploymentPostprocessing = 0;
		};
/* End PBXSourcesBuildPhase section */

/* Begin XCBuildConfiguration section */
		C00000000000000000000001 /* Debug */ = {
			isa = XCBuildConfiguration;
			buildSettings = {
				CLANG_ENABLE_MODULES = YES;
				CODE_SIGN_STYLE = Automatic;
				CURRENT_PROJECT_VERSION = 1;
				DEVELOPMENT_TEAM = "";
				GENERATE_INFOPLIST_FILE = NO;
				INFOPLIST_FILE = VideoAgentMobile/Info.plist;
				IPHONEOS_DEPLOYMENT_TARGET = 15.1;
				MARKETING_VERSION = 0.4.0;
				OTHER_LDFLAGS = (
					"$(inherited)",
					"-ObjC",
				);
				PRODUCT_BUNDLE_IDENTIFIER = com.videoagent.mobile;
				PRODUCT_NAME = VideoAgentMobile;
				SUPPORTED_PLATFORMS = "iphoneos iphonesimulator";
				SWIFT_OBJC_BRIDGING_HEADER = "$(SRCROOT)/NativeVideoHost/NativeVideoHost-Bridging-Header.h";
				SWIFT_OBJC_INTERFACE_HEADER_NAME = "VideoAgentMobile-Swift.h";
				SWIFT_VERSION = 5.0;
				TARGETED_DEVICE_FAMILY = "1,2";
			};
			name = Debug;
		};
		C00000000000000000000002 /* Release */ = {
			isa = XCBuildConfiguration;
			buildSettings = {
				CLANG_ENABLE_MODULES = YES;
				CODE_SIGN_STYLE = Automatic;
				CURRENT_PROJECT_VERSION = 1;
				DEVELOPMENT_TEAM = "";
				GENERATE_INFOPLIST_FILE = NO;
				INFOPLIST_FILE = VideoAgentMobile/Info.plist;
				IPHONEOS_DEPLOYMENT_TARGET = 15.1;
				MARKETING_VERSION = 0.4.0;
				OTHER_LDFLAGS = (
					"$(inherited)",
					"-ObjC",
				);
				PRODUCT_BUNDLE_IDENTIFIER = com.videoagent.mobile;
				PRODUCT_NAME = VideoAgentMobile;
				SUPPORTED_PLATFORMS = "iphoneos iphonesimulator";
				SWIFT_OBJC_BRIDGING_HEADER = "$(SRCROOT)/NativeVideoHost/NativeVideoHost-Bridging-Header.h";
				SWIFT_OBJC_INTERFACE_HEADER_NAME = "VideoAgentMobile-Swift.h";
				SWIFT_VERSION = 5.0;
				TARGETED_DEVICE_FAMILY = "1,2";
			};
			name = Release;
		};
		D00000000000000000000001 /* Debug */ = {
			isa = XCBuildConfiguration;
			buildSettings = {
				ALWAYS_SEARCH_USER_PATHS = NO;
				CLANG_CXX_LANGUAGE_STANDARD = "c++20";
				CLANG_ENABLE_MODULES = YES;
				CLANG_ENABLE_OBJC_ARC = YES;
				DEBUG_INFORMATION_FORMAT = dwarf;
				ENABLE_STRICT_OBJC_MSGSEND = YES;
				GCC_C_LANGUAGE_STANDARD = gnu11;
				GCC_OPTIMIZATION_LEVEL = 0;
				GCC_PREPROCESSOR_DEFINITIONS = (
					"DEBUG=1",
					"$(inherited)",
				);
				IPHONEOS_DEPLOYMENT_TARGET = 15.1;
				ONLY_ACTIVE_ARCH = YES;
				SDKROOT = iphoneos;
			};
			name = Debug;
		};
		D00000000000000000000002 /* Release */ = {
			isa = XCBuildConfiguration;
			buildSettings = {
				ALWAYS_SEARCH_USER_PATHS = NO;
				CLANG_CXX_LANGUAGE_STANDARD = "c++20";
				CLANG_ENABLE_MODULES = YES;
				CLANG_ENABLE_OBJC_ARC = YES;
				DEBUG_INFORMATION_FORMAT = "dwarf-with-dsym";
				ENABLE_NS_ASSERTIONS = NO;
				ENABLE_STRICT_OBJC_MSGSEND = YES;
				GCC_C_LANGUAGE_STANDARD = gnu11;
				IPHONEOS_DEPLOYMENT_TARGET = 15.1;
				SDKROOT = iphoneos;
				VALIDATE_PRODUCT = YES;
			};
			name = Release;
		};
/* End XCBuildConfiguration section */

/* Begin XCConfigurationList section */
		13B07F931A680F5B00A75B9A /* Build configuration list for PBXNativeTarget "VideoAgentMobile" */ = {
			isa = XCConfigurationList;
			buildConfigurations = (
				C00000000000000000000001 /* Debug */,
				C00000000000000000000002 /* Release */,
			);
			defaultConfigurationIsVisible = 0;
			defaultConfigurationName = Release;
		};
		83CBB9FA1A601CBA00E9B192 /* Build configuration list for PBXProject "VideoAgentMobile" */ = {
			isa = XCConfigurationList;
			buildConfigurations = (
				D00000000000000000000001 /* Debug */,
				D00000000000000000000002 /* Release */,
			);
			defaultConfigurationIsVisible = 0;
			defaultConfigurationName = Release;
		};
/* End XCConfigurationList section */
	};
	rootObject = 83CBB9F71A601CBA00E9B192 /* Project object */;
}
